
Microsoft Visual Studio Solution File, Format Version 12.00
# Visual Studio Version 16
VisualStudioVersion = 16.0.30503.244
MinimumVisualStudioVersion = 10.0.40219.1
Project("{FAE04EC0-301F-11D3-BF4B-00C04F79EFBC}") = "OutlookWebAddInDemo", "OutlookWebAddInDemo\OutlookWebAddInDemo.csproj", "{055F235F-FD04-415A-AB2E-0FBA9BD9792E}"
EndProject
Project("{FAE04EC0-301F-11D3-BF4B-00C04F79EFBC}") = "OutlookWebAddInDemoWeb", "OutlookWebAddInDemoWeb\OutlookWebAddInDemoWeb.csproj", "{B1580F27-9761-4173-8DD0-99DBAAAE18BD}"
EndProject
Global
	GlobalSection(SolutionConfigurationPlatforms) = preSolution
		Debug|Any CPU = Debug|Any CPU
		Release|Any CPU = Release|Any CPU
	EndGlobalSection
	GlobalSection(ProjectConfigurationPlatforms) = postSolution
		{055F235F-FD04-415A-AB2E-0FBA9BD9792E}.Debug|Any CPU.ActiveCfg = Debug|Any CPU
		{055F235F-FD04-415A-AB2E-0FBA9BD9792E}.Debug|Any CPU.Build.0 = Debug|Any CPU
		{055F235F-FD04-415A-AB2E-0FBA9BD9792E}.Debug|Any CPU.Deploy.0 = Debug|Any CPU
		{055F235F-FD04-415A-AB2E-0FBA9BD9792E}.Release|Any CPU.ActiveCfg = Release|Any CPU
		{055F235F-FD04-415A-AB2E-0FBA9BD9792E}.Release|Any CPU.Build.0 = Release|Any CPU
		{055F235F-FD04-415A-AB2E-0FBA9BD9792E}.Release|Any CPU.Deploy.0 = Release|Any CPU
		{B1580F27-9761-4173-8DD0-99DBAAAE18BD}.Debug|Any CPU.ActiveCfg = Debug|Any CPU
		{B1580F27-9761-4173-8DD0-99DBAAAE18BD}.Debug|Any CPU.Build.0 = Debug|Any CPU
		{B1580F27-9761-4173-8DD0-99DBAAAE18BD}.Release|Any CPU.ActiveCfg = Release|Any CPU
		{B1580F27-9761-4173-8DD0-99DBAAAE18BD}.Release|Any CPU.Build.0 = Release|Any CPU
	EndGlobalSection
	GlobalSection(SolutionProperties) = preSolution
		HideSolutionNode = FALSE
	EndGlobalSection
	GlobalSection(ExtensibilityGlobals) = postSolution
		SolutionGuid = {91036A8F-F986-4786-B0BF-31BF95E42F5C}
	EndGlobalSection
EndGlobal
